
Microsoft Visual Studio Solution File, Format Version 12.00
# Visual Studio 2015
Project("{FAE04EC0-301F-11D3-BF4B-00C04F79EFBC}") = "Babel.CSharp.Plugins", "Babel.CSharp.Plugins.csproj", "{A41BF953-20B8-FA00-4D4D-E71E354713DB}"
EndProject
Project("{FAE04EC0-301F-11D3-BF4B-00C04F79EFBC}") = "Babel.CSharp", "Babel.CSharp.csproj", "{73167825-BD69-3EDA-B730-EA6221830B84}"
EndProject
Project("{FAE04EC0-301F-11D3-BF4B-00C04F79EFBC}") = "Babel.CSharp.Editor", "Babel.CSharp.Editor.csproj", "{A91FA10F-A920-A5D2-041C-543431BCECBB}"
EndProject
Global
	GlobalSection(SolutionConfigurationPlatforms) = preSolution
		Debug|Any CPU = Debug|Any CPU
		Release|Any CPU = Release|Any CPU
	EndGlobalSection
	GlobalSection(ProjectConfigurationPlatforms) = postSolution
		{A41BF953-20B8-FA00-4D4D-E71E354713DB}.Debug|Any CPU.ActiveCfg = Debug|Any CPU
		{A41BF953-20B8-FA00-4D4D-E71E354713DB}.Debug|Any CPU.Build.0 = Debug|Any CPU
		{A41BF953-20B8-FA00-4D4D-E71E354713DB}.Release|Any CPU.ActiveCfg = Release|Any CPU
		{A41BF953-20B8-FA00-4D4D-E71E354713DB}.Release|Any CPU.Build.0 = Release|Any CPU
		{73167825-BD69-3EDA-B730-EA6221830B84}.Debug|Any CPU.ActiveCfg = Debug|Any CPU
		{73167825-BD69-3EDA-B730-EA6221830B84}.Debug|Any CPU.Build.0 = Debug|Any CPU
		{73167825-BD69-3EDA-B730-EA6221830B84}.Release|Any CPU.ActiveCfg = Release|Any CPU
		{73167825-BD69-3EDA-B730-EA6221830B84}.Release|Any CPU.Build.0 = Release|Any CPU
		{A91FA10F-A920-A5D2-041C-543431BCECBB}.Debug|Any CPU.ActiveCfg = Debug|Any CPU
		{A91FA10F-A920-A5D2-041C-543431BCECBB}.Debug|Any CPU.Build.0 = Debug|Any CPU
		{A91FA10F-A920-A5D2-041C-543431BCECBB}.Release|Any CPU.ActiveCfg = Release|Any CPU
		{A91FA10F-A920-A5D2-041C-543431BCECBB}.Release|Any CPU.Build.0 = Release|Any CPU
	EndGlobalSection
	GlobalSection(SolutionProperties) = preSolution
		HideSolutionNode = FALSE
	EndGlobalSection
EndGlobal
