Microsoft Visual Studio Solution File, Format Version 11.00
# Visual Studio 2008

Project("{53718118-D84D-2698-3528-D262B37EA0BE}") = "Babel", "Assembly-CSharp-firstpass.csproj", "{01CAF923-665F-5787-3B21-F343AF34CCBD}"
EndProject
Project("{53718118-D84D-2698-3528-D262B37EA0BE}") = "Babel", "Assembly-CSharp.csproj", "{D546259D-E37A-EE98-61CE-44FEA668442C}"
EndProject
Project("{53718118-D84D-2698-3528-D262B37EA0BE}") = "Babel", "Assembly-CSharp-Editor.csproj", "{77DCA3C5-9459-AA1F-B1A5-BE7D438EA819}"
EndProject
Global
	GlobalSection(SolutionConfigurationPlatforms) = preSolution
		Debug|Any CPU = Debug|Any CPU
		Release|Any CPU = Release|Any CPU
	EndGlobalSection
	GlobalSection(ProjectConfigurationPlatforms) = postSolution
		{01CAF923-665F-5787-3B21-F343AF34CCBD}.Debug|Any CPU.ActiveCfg = Debug|Any CPU
		{01CAF923-665F-5787-3B21-F343AF34CCBD}.Debug|Any CPU.Build.0 = Debug|Any CPU
		{01CAF923-665F-5787-3B21-F343AF34CCBD}.Release|Any CPU.ActiveCfg = Release|Any CPU
		{01CAF923-665F-5787-3B21-F343AF34CCBD}.Release|Any CPU.Build.0 = Release|Any CPU
		{D546259D-E37A-EE98-61CE-44FEA668442C}.Debug|Any CPU.ActiveCfg = Debug|Any CPU
		{D546259D-E37A-EE98-61CE-44FEA668442C}.Debug|Any CPU.Build.0 = Debug|Any CPU
		{D546259D-E37A-EE98-61CE-44FEA668442C}.Release|Any CPU.ActiveCfg = Release|Any CPU
		{D546259D-E37A-EE98-61CE-44FEA668442C}.Release|Any CPU.Build.0 = Release|Any CPU
		{77DCA3C5-9459-AA1F-B1A5-BE7D438EA819}.Debug|Any CPU.ActiveCfg = Debug|Any CPU
		{77DCA3C5-9459-AA1F-B1A5-BE7D438EA819}.Debug|Any CPU.Build.0 = Debug|Any CPU
		{77DCA3C5-9459-AA1F-B1A5-BE7D438EA819}.Release|Any CPU.ActiveCfg = Release|Any CPU
		{77DCA3C5-9459-AA1F-B1A5-BE7D438EA819}.Release|Any CPU.Build.0 = Release|Any CPU
	EndGlobalSection
	GlobalSection(SolutionProperties) = preSolution
		HideSolutionNode = FALSE
	EndGlobalSection
								GlobalSection(MonoDevelopProperties) = preSolution
		StartupItem = Assembly-CSharp.csproj
		Policies = $0
		$0.TextStylePolicy = $1
		$1.inheritsSet = null
		$1.scope = text/x-csharp
		$0.CSharpFormattingPolicy = $2
		$2.inheritsSet = Mono
		$2.inheritsScope = text/x-csharp
		$2.scope = text/x-csharp
		$0.TextStylePolicy = $3
		$3.FileWidth = 120
		$3.TabWidth = 4
		$3.IndentWidth = 4
		$3.EolMarker = Unix
		$3.inheritsSet = Mono
		$3.inheritsScope = text/plain
		$3.scope = text/plain
	EndGlobalSection

EndGlobal
